// !$*UTF8*$!
{
	archiveVersion = 1;
	classes = {
	};
	objectVersion = 56;
	objects = {

/* Begin PBXBuildFile section */
		9D9FAB92295F7DAC000AA1A2 /* Location_History_TrackerApp.swift in Sources */ = {isa = PBXBuildFile; fileRef = 9D9FAB91295F7DAC000AA1A2 /* Location_History_TrackerApp.swift */; };
		9D9FAB94295F7DAC000AA1A2 /* ContentView.swift in Sources */ = {isa = PBXBuildFile; fileRef = 9D9FAB93295F7DAC000AA1A2 /* ContentView.swift */; };
		9D9FAB96295F7DAE000AA1A2 /* Assets.xcassets in Resources */ = {isa = PBXBuildFile; fileRef = 9D9FAB95295F7DAE000AA1A2 /* Assets.xcassets */; };
		9D9FAB99295F7DAE000AA1A2 /* Preview Assets.xcassets in Resources */ = {isa = PBXBuildFile; fileRef = 9D9FAB98295F7DAE000AA1A2 /* Preview Assets.xcassets */; };
		9D9FABA3295F7DAF000AA1A2 /* Location_History_TrackerTests.swift in Sources */ = {isa = PBXBuildFile; fileRef = 9D9FABA2295F7DAF000AA1A2 /* Location_History_TrackerTests.swift */; };
		9D9FABAD295F7DAF000AA1A2 /* Location_History_TrackerUITests.swift in Sources */ = {isa = PBXBuildFile; fileRef = 9D9FABAC295F7DAF000AA1A2 /* Location_History_TrackerUITests.swift */; };
		9D9FABAF295F7DAF000AA1A2 /* Location_History_TrackerUITestsLaunchTests.swift in Sources */ = {isa = PBXBuildFile; fileRef = 9D9FABAE295F7DAF000AA1A2 /* Location_History_TrackerUITestsLaunchTests.swift */; };
		9DA92FBC2967D9F0000E8670 /* SideMenu.swift in Sources */ = {isa = PBXBuildFile; fileRef = 9DA92FBB2967D9F0000E8670 /* SideMenu.swift */; };
		9DCDD5092967FD6200EBF61C /* MapView.swift in Sources */ = {isa = PBXBuildFile; fileRef = 9DCDD5082967FD6200EBF61C /* MapView.swift */; };
		9DD10BF72962B63F00D67B74 /* Markers.swift in Sources */ = {isa = PBXBuildFile; fileRef = 9DD10BF62962B63F00D67B74 /* Markers.swift */; };
		9DD10BF92962B65D00D67B74 /* ListOfLocations.swift in Sources */ = {isa = PBXBuildFile; fileRef = 9DD10BF82962B65D00D67B74 /* ListOfLocations.swift */; };
/* End PBXBuildFile section */

/* Begin PBXContainerItemProxy section */
		9D9FAB9F295F7DAF000AA1A2 /* PBXContainerItemProxy */ = {
			isa = PBXContainerItemProxy;
			containerPortal = 9D9FAB86295F7DAC000AA1A2 /* Project object */;
			proxyType = 1;
			remoteGlobalIDString = 9D9FAB8D295F7DAC000AA1A2;
			remoteInfo = "Location History Tracker";
		};
		9D9FABA9295F7DAF000AA1A2 /* PBXContainerItemProxy */ = {
			isa = PBXContainerItemProxy;
			containerPortal = 9D9FAB86295F7DAC000AA1A2 /* Project object */;
			proxyType = 1;
			remoteGlobalIDString = 9D9FAB8D295F7DAC000AA1A2;
			remoteInfo = "Location History Tracker";
		};
/* End PBXContainerItemProxy section */

/* Begin PBXFileReference section */
		9D9FAB8E295F7DAC000AA1A2 /* Location History Tracker.app */ = {isa = PBXFileReference; explicitFileType = wrapper.application; includeInIndex = 0; path = "Location History Tracker.app"; sourceTree = BUILT_PRODUCTS_DIR; };
		9D9FAB91295F7DAC000AA1A2 /* Location_History_TrackerApp.swift */ = {isa = PBXFileReference; lastKnownFileType = sourcecode.swift; path = Location_History_TrackerApp.swift; sourceTree = "<group>"; };
		9D9FAB93295F7DAC000AA1A2 /* ContentView.swift */ = {isa = PBXFileReference; lastKnownFileType = sourcecode.swift; path = ContentView.swift; sourceTree = "<group>"; };
		9D9FAB95295F7DAE000AA1A2 /* Assets.xcassets */ = {isa = PBXFileReference; lastKnownFileType = folder.assetcatalog; path = Assets.xcassets; sourceTree = "<group>"; };
		9D9FAB98295F7DAE000AA1A2 /* Preview Assets.xcassets */ = {isa = PBXFileReference; lastKnownFileType = folder.assetcatalog; path = "Preview Assets.xcassets"; sourceTree = "<group>"; };
		9D9FAB9E295F7DAF000AA1A2 /* Location History TrackerTests.xctest */ = {isa = PBXFileReference; explicitFileType = wrapper.cfbundle; includeInIndex = 0; path = "Location History TrackerTests.xctest"; sourceTree = BUILT_PRODUCTS_DIR; };
		9D9FABA2295F7DAF000AA1A2 /* Location_History_TrackerTests.swift */ = {isa = PBXFileReference; lastKnownFileType = sourcecode.swift; path = Location_History_TrackerTests.swift; sourceTree = "<group>"; };
		9D9FABA8295F7DAF000AA1A2 /* Location History TrackerUITests.xctest */ = {isa = PBXFileReference; explicitFileType = wrapper.cfbundle; includeInIndex = 0; path = "Location History TrackerUITests.xctest"; sourceTree = BUILT_PRODUCTS_DIR; };
		9D9FABAC295F7DAF000AA1A2 /* Location_History_TrackerUITests.swift */ = {isa = PBXFileReference; lastKnownFileType = sourcecode.swift; path = Location_History_TrackerUITests.swift; sourceTree = "<group>"; };
		9D9FABAE295F7DAF000AA1A2 /* Location_History_TrackerUITestsLaunchTests.swift */ = {isa = PBXFileReference; lastKnownFileType = sourcecode.swift; path = Location_History_TrackerUITestsLaunchTests.swift; sourceTree = "<group>"; };
		9D9FABBB295F7E95000AA1A2 /* Location-History-Tracker-Info.plist */ = {isa = PBXFileReference; lastKnownFileType = text.plist; path = "Location-History-Tracker-Info.plist"; sourceTree = SOURCE_ROOT; };
		9DA92FBB2967D9F0000E8670 /* SideMenu.swift */ = {isa = PBXFileReference; lastKnownFileType = sourcecode.swift; path = SideMenu.swift; sourceTree = "<group>"; };
		9DAD0C5C296E8E6F00C7F9C8 /* Location History TrackerDebug.entitlements */ = {isa = PBXFileReference; lastKnownFileType = text.plist.entitlements; path = "Location History TrackerDebug.entitlements"; sourceTree = "<group>"; };
		9DCDD5082967FD6200EBF61C /* MapView.swift */ = {isa = PBXFileReference; lastKnownFileType = sourcecode.swift; path = MapView.swift; sourceTree = "<group>"; };
		9DD10BF62962B63F00D67B74 /* Markers.swift */ = {isa = PBXFileReference; lastKnownFileType = sourcecode.swift; path = Markers.swift; sourceTree = "<group>"; };
		9DD10BF82962B65D00D67B74 /* ListOfLocations.swift */ = {isa = PBXFileReference; lastKnownFileType = sourcecode.swift; path = ListOfLocations.swift; sourceTree = "<group>"; };
/* End PBXFileReference section */

/* Begin PBXFrameworksBuildPhase section */
		9D9FAB8B295F7DAC000AA1A2 /* Frameworks */ = {
			isa = PBXFrameworksBuildPhase;
			buildActionMask = 2147483647;
			files = (
			);
			runOnlyForDeploymentPostprocessing = 0;
		};
		9D9FAB9B295F7DAF000AA1A2 /* Frameworks */ = {
			isa = PBXFrameworksBuildPhase;
			buildActionMask = 2147483647;
			files = (
			);
			runOnlyForDeploymentPostprocessing = 0;
		};
		9D9FABA5295F7DAF000AA1A2 /* Frameworks */ = {
			isa = PBXFrameworksBuildPhase;
			buildActionMask = 2147483647;
			files = (
			);
			runOnlyForDeploymentPostprocessing = 0;
		};
/* End PBXFrameworksBuildPhase section */

/* Begin PBXGroup section */
		9D9FAB85295F7DAC000AA1A2 = {
			isa = PBXGroup;
			children = (
				9D9FAB90295F7DAC000AA1A2 /* Location History Tracker */,
				9D9FABA1295F7DAF000AA1A2 /* Location History TrackerTests */,
				9D9FABAB295F7DAF000AA1A2 /* Location History TrackerUITests */,
				9D9FAB8F295F7DAC000AA1A2 /* Products */,
			);
			sourceTree = "<group>";
		};
		9D9FAB8F295F7DAC000AA1A2 /* Products */ = {
			isa = PBXGroup;
			children = (
				9D9FAB8E295F7DAC000AA1A2 /* Location History Tracker.app */,
				9D9FAB9E295F7DAF000AA1A2 /* Location History TrackerTests.xctest */,
				9D9FABA8295F7DAF000AA1A2 /* Location History TrackerUITests.xctest */,
			);
			name = Products;
			sourceTree = "<group>";
		};
		9D9FAB90295F7DAC000AA1A2 /* Location History Tracker */ = {
			isa = PBXGroup;
			children = (
				9DAD0C5C296E8E6F00C7F9C8 /* Location History TrackerDebug.entitlements */,
				9D9FABBB295F7E95000AA1A2 /* Location-History-Tracker-Info.plist */,
				9D9FAB91295F7DAC000AA1A2 /* Location_History_TrackerApp.swift */,
				9D9FAB93295F7DAC000AA1A2 /* ContentView.swift */,
				9DA92FBB2967D9F0000E8670 /* SideMenu.swift */,
				9DCDD5082967FD6200EBF61C /* MapView.swift */,
				9DD10BF82962B65D00D67B74 /* ListOfLocations.swift */,
				9DD10BF62962B63F00D67B74 /* Markers.swift */,
				9D9FAB95295F7DAE000AA1A2 /* Assets.xcassets */,
				9D9FAB97295F7DAE000AA1A2 /* Preview Content */,
			);
			path = "Location History Tracker";
			sourceTree = "<group>";
		};
		9D9FAB97295F7DAE000AA1A2 /* Preview Content */ = {
			isa = PBXGroup;
			children = (
				9D9FAB98295F7DAE000AA1A2 /* Preview Assets.xcassets */,
			);
			path = "Preview Content";
			sourceTree = "<group>";
		};
		9D9FABA1295F7DAF000AA1A2 /* Location History TrackerTests */ = {
			isa = PBXGroup;
			children = (
				9D9FABA2295F7DAF000AA1A2 /* Location_History_TrackerTests.swift */,
			);
			path = "Location History TrackerTests";
			sourceTree = "<group>";
		};
		9D9FABAB295F7DAF000AA1A2 /* Location History TrackerUITests */ = {
			isa = PBXGroup;
			children = (
				9D9FABAC295F7DAF000AA1A2 /* Location_History_TrackerUITests.swift */,
				9D9FABAE295F7DAF000AA1A2 /* Location_History_TrackerUITestsLaunchTests.swift */,
			);
			path = "Location History TrackerUITests";
			sourceTree = "<group>";
		};
/* End PBXGroup section */

/* Begin PBXNativeTarget section */
		9D9FAB8D295F7DAC000AA1A2 /* Location History Tracker */ = {
			isa = PBXNativeTarget;
			buildConfigurationList = 9D9FABB2295F7DAF000AA1A2 /* Build configuration list for PBXNativeTarget "Location History Tracker" */;
			buildPhases = (
				9D9FAB8A295F7DAC000AA1A2 /* Sources */,
				9D9FAB8B295F7DAC000AA1A2 /* Frameworks */,
				9D9FAB8C295F7DAC000AA1A2 /* Resources */,
			);
			buildRules = (
			);
			dependencies = (
			);
			name = "Location History Tracker";
			productName = "Location History Tracker";
			productReference = 9D9FAB8E295F7DAC000AA1A2 /* Location History Tracker.app */;
			productType = "com.apple.product-type.application";
		};
		9D9FAB9D295F7DAF000AA1A2 /* Location History TrackerTests */ = {
			isa = PBXNativeTarget;
			buildConfigurationList = 9D9FABB5295F7DAF000AA1A2 /* Build configuration list for PBXNativeTarget "Location History TrackerTests" */;
			buildPhases = (
				9D9FAB9A295F7DAF000AA1A2 /* Sources */,
				9D9FAB9B295F7DAF000AA1A2 /* Frameworks */,
				9D9FAB9C295F7DAF000AA1A2 /* Resources */,
			);
			buildRules = (
			);
			dependencies = (
				9D9FABA0295F7DAF000AA1A2 /* PBXTargetDependency */,
			);
			name = "Location History TrackerTests";
			productName = "Location History TrackerTests";
			productReference = 9D9FAB9E295F7DAF000AA1A2 /* Location History TrackerTests.xctest */;
			productType = "com.apple.product-type.bundle.unit-test";
		};
		9D9FABA7295F7DAF000AA1A2 /* Location History TrackerUITests */ = {
			isa = PBXNativeTarget;
			buildConfigurationList = 9D9FABB8295F7DAF000AA1A2 /* Build configuration list for PBXNativeTarget "Location History TrackerUITests" */;
			buildPhases = (
				9D9FABA4295F7DAF000AA1A2 /* Sources */,
				9D9FABA5295F7DAF000AA1A2 /* Frameworks */,
				9D9FABA6295F7DAF000AA1A2 /* Resources */,
			);
			buildRules = (
			);
			dependencies = (
				9D9FABAA295F7DAF000AA1A2 /* PBXTargetDependency */,
			);
			name = "Location History TrackerUITests";
			productName = "Location History TrackerUITests";
			productReference = 9D9FABA8295F7DAF000AA1A2 /* Location History TrackerUITests.xctest */;
			productType = "com.apple.product-type.bundle.ui-testing";
		};
/* End PBXNativeTarget section */

/* Begin PBXProject section */
		9D9FAB86295F7DAC000AA1A2 /* Project object */ = {
			isa = PBXProject;
			attributes = {
				BuildIndependentTargetsInParallel = 1;
				LastSwiftUpdateCheck = 1420;
				LastUpgradeCheck = 1420;
				TargetAttributes = {
					9D9FAB8D295F7DAC000AA1A2 = {
						CreatedOnToolsVersion = 14.2;
					};
					9D9FAB9D295F7DAF000AA1A2 = {
						CreatedOnToolsVersion = 14.2;
						TestTargetID = 9D9FAB8D295F7DAC000AA1A2;
					};
					9D9FABA7295F7DAF000AA1A2 = {
						CreatedOnToolsVersion = 14.2;
						TestTargetID = 9D9FAB8D295F7DAC000AA1A2;
					};
				};
			};
			buildConfigurationList = 9D9FAB89295F7DAC000AA1A2 /* Build configuration list for PBXProject "Location History Tracker" */;
			compatibilityVersion = "Xcode 14.0";
			developmentRegion = en;
			hasScannedForEncodings = 0;
			knownRegions = (
				en,
				Base,
			);
			mainGroup = 9D9FAB85295F7DAC000AA1A2;
			productRefGroup = 9D9FAB8F295F7DAC000AA1A2 /* Products */;
			projectDirPath = "";
			projectRoot = "";
			targets = (
				9D9FAB8D295F7DAC000AA1A2 /* Location History Tracker */,
				9D9FAB9D295F7DAF000AA1A2 /* Location History TrackerTests */,
				9D9FABA7295F7DAF000AA1A2 /* Location History TrackerUITests */,
			);
		};
/* End PBXProject section */

/* Begin PBXResourcesBuildPhase section */
		9D9FAB8C295F7DAC000AA1A2 /* Resources */ = {
			isa = PBXResourcesBuildPhase;
			buildActionMask = 2147483647;
			files = (
				9D9FAB99295F7DAE000AA1A2 /* Preview Assets.xcassets in Resources */,
				9D9FAB96295F7DAE000AA1A2 /* Assets.xcassets in Resources */,
			);
			runOnlyForDeploymentPostprocessing = 0;
		};
		9D9FAB9C295F7DAF000AA1A2 /* Resources */ = {
			isa = PBXResourcesBuildPhase;
			buildActionMask = 2147483647;
			files = (
			);
			runOnlyForDeploymentPostprocessing = 0;
		};
		9D9FABA6295F7DAF000AA1A2 /* Resources */ = {
			isa = PBXResourcesBuildPhase;
			buildActionMask = 2147483647;
			files = (
			);
			runOnlyForDeploymentPostprocessing = 0;
		};
/* End PBXResourcesBuildPhase section */

/* Begin PBXSourcesBuildPhase section */
		9D9FAB8A295F7DAC000AA1A2 /* Sources */ = {
			isa = PBXSourcesBuildPhase;
			buildActionMask = 2147483647;
			files = (
				9D9FAB94295F7DAC000AA1A2 /* ContentView.swift in Sources */,
				9DCDD5092967FD6200EBF61C /* MapView.swift in Sources */,
				9DD10BF92962B65D00D67B74 /* ListOfLocations.swift in Sources */,
				9DA92FBC2967D9F0000E8670 /* SideMenu.swift in Sources */,
				9D9FAB92295F7DAC000AA1A2 /* Location_History_TrackerApp.swift in Sources */,
				9DD10BF72962B63F00D67B74 /* Markers.swift in Sources */,
			);
			runOnlyForDeploymentPostprocessing = 0;
		};
		9D9FAB9A295F7DAF000AA1A2 /* Sources */ = {
			isa = PBXSourcesBuildPhase;
			buildActionMask = 2147483647;
			files = (
				9D9FABA3295F7DAF000AA1A2 /* Location_History_TrackerTests.swift in Sources */,
			);
			runOnlyForDeploymentPostprocessing = 0;
		};
		9D9FABA4295F7DAF000AA1A2 /* Sources */ = {
			isa = PBXSourcesBuildPhase;
			buildActionMask = 2147483647;
			files = (
				9D9FABAD295F7DAF000AA1A2 /* Location_History_TrackerUITests.swift in Sources */,
				9D9FABAF295F7DAF000AA1A2 /* Location_History_TrackerUITestsLaunchTests.swift in Sources */,
			);
			runOnlyForDeploymentPostprocessing = 0;
		};
/* End PBXSourcesBuildPhase section */

/* Begin PBXTargetDependency section */
		9D9FABA0295F7DAF000AA1A2 /* PBXTargetDependency */ = {
			isa = PBXTargetDependency;
			target = 9D9FAB8D295F7DAC000AA1A2 /* Location History Tracker */;
			targetProxy = 9D9FAB9F295F7DAF000AA1A2 /* PBXContainerItemProxy */;
		};
		9D9FABAA295F7DAF000AA1A2 /* PBXTargetDependency */ = {
			isa = PBXTargetDependency;
			target = 9D9FAB8D295F7DAC000AA1A2 /* Location History Tracker */;
			targetProxy = 9D9FABA9295F7DAF000AA1A2 /* PBXContainerItemProxy */;
		};
/* End PBXTargetDependency section */

/* Begin XCBuildConfiguration section */
		9D9FABB0295F7DAF000AA1A2 /* Debug */ = {
			isa = XCBuildConfiguration;
			buildSettings = {
				ALWAYS_SEARCH_USER_PATHS = NO;
				CLANG_ANALYZER_NONNULL = YES;
				CLANG_ANALYZER_NUMBER_OBJECT_CONVERSION = YES_AGGRESSIVE;
				CLANG_CXX_LANGUAGE_STANDARD = "gnu++20";
				CLANG_ENABLE_MODULES = YES;
				CLANG_ENABLE_OBJC_ARC = YES;
				CLANG_ENABLE_OBJC_WEAK = YES;
				CLANG_WARN_BLOCK_CAPTURE_AUTORELEASING = YES;
				CLANG_WARN_BOOL_CONVERSION = YES;
				CLANG_WARN_COMMA = YES;
				CLANG_WARN_CONSTANT_CONVERSION = YES;
				CLANG_WARN_DEPRECATED_OBJC_IMPLEMENTATIONS = YES;
				CLANG_WARN_DIRECT_OBJC_ISA_USAGE = YES_ERROR;
				CLANG_WARN_DOCUMENTATION_COMMENTS = YES;
				CLANG_WARN_EMPTY_BODY = YES;
				CLANG_WARN_ENUM_CONVERSION = YES;
				CLANG_WARN_INFINITE_RECURSION = YES;
				CLANG_WARN_INT_CONVERSION = YES;
				CLANG_WARN_NON_LITERAL_NULL_CONVERSION = YES;
				CLANG_WARN_OBJC_IMPLICIT_RETAIN_SELF = YES;
				CLANG_WARN_OBJC_LITERAL_CONVERSION = YES;
				CLANG_WARN_OBJC_ROOT_CLASS = YES_ERROR;
				CLANG_WARN_QUOTED_INCLUDE_IN_FRAMEWORK_HEADER = YES;
				CLANG_WARN_RANGE_LOOP_ANALYSIS = YES;
				CLANG_WARN_STRICT_PROTOTYPES = YES;
				CLANG_WARN_SUSPICIOUS_MOVE = YES;
				CLANG_WARN_UNGUARDED_AVAILABILITY = YES_AGGRESSIVE;
				CLANG_WARN_UNREACHABLE_CODE = YES;
				CLANG_WARN__DUPLICATE_METHOD_MATCH = YES;
				COPY_PHASE_STRIP = NO;
				DEBUG_INFORMATION_FORMAT = dwarf;
				ENABLE_STRICT_OBJC_MSGSEND = YES;
				ENABLE_TESTABILITY = YES;
				GCC_C_LANGUAGE_STANDARD = gnu11;
				GCC_DYNAMIC_NO_PIC = NO;
				GCC_NO_COMMON_BLOCKS = YES;
				GCC_OPTIMIZATION_LEVEL = 0;
				GCC_PREPROCESSOR_DEFINITIONS = (
					"DEBUG=1",
					"$(inherited)",
				);
				GCC_WARN_64_TO_32_BIT_CONVERSION = YES;
				GCC_WARN_ABOUT_RETURN_TYPE = YES_ERROR;
				GCC_WARN_UNDECLARED_SELECTOR = YES;
				GCC_WARN_UNINITIALIZED_AUTOS = YES_AGGRESSIVE;
				GCC_WARN_UNUSED_FUNCTION = YES;
				GCC_WARN_UNUSED_VARIABLE = YES;
				IPHONEOS_DEPLOYMENT_TARGET = 16.2;
				MTL_ENABLE_DEBUG_INFO = INCLUDE_SOURCE;
				MTL_FAST_MATH = YES;
				ONLY_ACTIVE_ARCH = YES;
				SDKROOT = iphoneos;
				SWIFT_ACTIVE_COMPILATION_CONDITIONS = DEBUG;
				SWIFT_OPTIMIZATION_LEVEL = "-Onone";
			};
			name = Debug;
		};
		9D9FABB1295F7DAF000AA1A2 /* Release */ = {
			isa = XCBuildConfiguration;
			buildSettings = {
				ALWAYS_SEARCH_USER_PATHS = NO;
				CLANG_ANALYZER_NONNULL = YES;
				CLANG_ANALYZER_NUMBER_OBJECT_CONVERSION = YES_AGGRESSIVE;
				CLANG_CXX_LANGUAGE_STANDARD = "gnu++20";
				CLANG_ENABLE_MODULES = YES;
				CLANG_ENABLE_OBJC_ARC = YES;
				CLANG_ENABLE_OBJC_WEAK = YES;
				CLANG_WARN_BLOCK_CAPTURE_AUTORELEASING = YES;
				CLANG_WARN_BOOL_CONVERSION = YES;
				CLANG_WARN_COMMA = YES;
				CLANG_WARN_CONSTANT_CONVERSION = YES;
				CLANG_WARN_DEPRECATED_OBJC_IMPLEMENTATIONS = YES;
				CLANG_WARN_DIRECT_OBJC_ISA_USAGE = YES_ERROR;
				CLANG_WARN_DOCUMENTATION_COMMENTS = YES;
				CLANG_WARN_EMPTY_BODY = YES;
				CLANG_WARN_ENUM_CONVERSION = YES;
				CLANG_WARN_INFINITE_RECURSION = YES;
				CLANG_WARN_INT_CONVERSION = YES;
				CLANG_WARN_NON_LITERAL_NULL_CONVERSION = YES;
				CLANG_WARN_OBJC_IMPLICIT_RETAIN_SELF = YES;
				CLANG_WARN_OBJC_LITERAL_CONVERSION = YES;
				CLANG_WARN_OBJC_ROOT_CLASS = YES_ERROR;
				CLANG_WARN_QUOTED_INCLUDE_IN_FRAMEWORK_HEADER = YES;
				CLANG_WARN_RANGE_LOOP_ANALYSIS = YES;
				CLANG_WARN_STRICT_PROTOTYPES = YES;
				CLANG_WARN_SUSPICIOUS_MOVE = YES;
				CLANG_WARN_UNGUARDED_AVAILABILITY = YES_AGGRESSIVE;
				CLANG_WARN_UNREACHABLE_CODE = YES;
				CLANG_WARN__DUPLICATE_METHOD_MATCH = YES;
				COPY_PHASE_STRIP = NO;
				DEBUG_INFORMATION_FORMAT = "dwarf-with-dsym";
				ENABLE_NS_ASSERTIONS = NO;
				ENABLE_STRICT_OBJC_MSGSEND = YES;
				GCC_C_LANGUAGE_STANDARD = gnu11;
				GCC_NO_COMMON_BLOCKS = YES;
				GCC_WARN_64_TO_32_BIT_CONVERSION = YES;
				GCC_WARN_ABOUT_RETURN_TYPE = YES_ERROR;
				GCC_WARN_UNDECLARED_SELECTOR = YES;
				GCC_WARN_UNINITIALIZED_AUTOS = YES_AGGRESSIVE;
				GCC_WARN_UNUSED_FUNCTION = YES;
				GCC_WARN_UNUSED_VARIABLE = YES;
				IPHONEOS_DEPLOYMENT_TARGET = 16.2;
				MTL_ENABLE_DEBUG_INFO = NO;
				MTL_FAST_MATH = YES;
				SDKROOT = iphoneos;
				SWIFT_COMPILATION_MODE = wholemodule;
				SWIFT_OPTIMIZATION_LEVEL = "-O";
				VALIDATE_PRODUCT = YES;
			};
			name = Release;
		};
		9D9FABB3295F7DAF000AA1A2 /* Debug */ = {
			isa = XCBuildConfiguration;
			buildSettings = {
				ASSETCATALOG_COMPILER_APPICON_NAME = AppIcon;
				ASSETCATALOG_COMPILER_GLOBAL_ACCENT_COLOR_NAME = AccentColor;
				CODE_SIGN_ENTITLEMENTS = "Location History Tracker/Location History TrackerDebug.entitlements";
				CODE_SIGN_STYLE = Automatic;
				CURRENT_PROJECT_VERSION = 1;
				DEVELOPMENT_ASSET_PATHS = "\"Location History Tracker/Preview Content\"";
				DEVELOPMENT_TEAM = FN8YWG3RCW;
				ENABLE_PREVIEWS = YES;
				GENERATE_INFOPLIST_FILE = YES;
				INFOPLIST_FILE = "Location-History-Tracker-Info.plist";
				INFOPLIST_KEY_UIApplicationSceneManifest_Generation = YES;
				INFOPLIST_KEY_UIApplicationSupportsIndirectInputEvents = YES;
				INFOPLIST_KEY_UILaunchScreen_Generation = YES;
				INFOPLIST_KEY_UISupportedInterfaceOrientations_iPad = "UIInterfaceOrientationPortrait UIInterfaceOrientationPortraitUpsideDown UIInterfaceOrientationLandscapeLeft UIInterfaceOrientationLandscapeRight";
				INFOPLIST_KEY_UISupportedInterfaceOrientations_iPhone = "UIInterfaceOrientationPortrait UIInterfaceOrientationLandscapeLeft UIInterfaceOrientationLandscapeRight";
				IPHONEOS_DEPLOYMENT_TARGET = 16.0;
				LD_RUNPATH_SEARCH_PATHS = (
					"$(inherited)",
					"@executable_path/Frameworks",
				);
				MARKETING_VERSION = 1.0;
				PRODUCT_BUNDLE_IDENTIFIER = "EricZhu.Location-History-Tracker";
				PRODUCT_NAME = "$(TARGET_NAME)";
				SWIFT_EMIT_LOC_STRINGS = YES;
				SWIFT_VERSION = 5.0;
				TARGETED_DEVICE_FAMILY = "1,2";
			};
			name = Debug;
		};
		9D9FABB4295F7DAF000AA1A2 /* Release */ = {
			isa = XCBuildConfiguration;
			buildSettings = {
				ASSETCATALOG_COMPILER_APPICON_NAME = AppIcon;
				ASSETCATALOG_COMPILER_GLOBAL_ACCENT_COLOR_NAME = AccentColor;
				CODE_SIGN_STYLE = Automatic;
				CURRENT_PROJECT_VERSION = 1;
				DEVELOPMENT_ASSET_PATHS = "\"Location History Tracker/Preview Content\"";
				DEVELOPMENT_TEAM = FN8YWG3RCW;
				ENABLE_PREVIEWS = YES;
				GENERATE_INFOPLIST_FILE = YES;
				INFOPLIST_FILE = "Location-History-Tracker-Info.plist";
				INFOPLIST_KEY_UIApplicationSceneManifest_Generation = YES;
				INFOPLIST_KEY_UIApplicationSupportsIndirectInputEvents = YES;
				INFOPLIST_KEY_UILaunchScreen_Generation = YES;
				INFOPLIST_KEY_UISupportedInterfaceOrientations_iPad = "UIInterfaceOrientationPortrait UIInterfaceOrientationPortraitUpsideDown UIInterfaceOrientationLandscapeLeft UIInterfaceOrientationLandscapeRight";
				INFOPLIST_KEY_UISupportedInterfaceOrientations_iPhone = "UIInterfaceOrientationPortrait UIInterfaceOrientationLandscapeLeft UIInterfaceOrientationLandscapeRight";
				IPHONEOS_DEPLOYMENT_TARGET = 16.0;
				LD_RUNPATH_SEARCH_PATHS = (
					"$(inherited)",
					"@executable_path/Frameworks",
				);
				MARKETING_VERSION = 1.0;
				PRODUCT_BUNDLE_IDENTIFIER = "EricZhu.Location-History-Tracker";
				PRODUCT_NAME = "$(TARGET_NAME)";
				SWIFT_EMIT_LOC_STRINGS = YES;
				SWIFT_VERSION = 5.0;
				TARGETED_DEVICE_FAMILY = "1,2";
			};
			name = Release;
		};
		9D9FABB6295F7DAF000AA1A2 /* Debug */ = {
			isa = XCBuildConfiguration;
			buildSettings = {
				ALWAYS_EMBED_SWIFT_STANDARD_LIBRARIES = YES;
				BUNDLE_LOADER = "$(TEST_HOST)";
				CODE_SIGN_STYLE = Automatic;
				CURRENT_PROJECT_VERSION = 1;
				GENERATE_INFOPLIST_FILE = YES;
				IPHONEOS_DEPLOYMENT_TARGET = 16.2;
				MARKETING_VERSION = 1.0;
				PRODUCT_BUNDLE_IDENTIFIER = "EricZhu.Location-History-TrackerTests";
				PRODUCT_NAME = "$(TARGET_NAME)";
				SWIFT_EMIT_LOC_STRINGS = NO;
				SWIFT_VERSION = 5.0;
				TARGETED_DEVICE_FAMILY = "1,2";
				TEST_HOST = "$(BUILT_PRODUCTS_DIR)/Location History Tracker.app/$(BUNDLE_EXECUTABLE_FOLDER_PATH)/Location History Tracker";
			};
			name = Debug;
		};
		9D9FABB7295F7DAF000AA1A2 /* Release */ = {
			isa = XCBuildConfiguration;
			buildSettings = {
				ALWAYS_EMBED_SWIFT_STANDARD_LIBRARIES = YES;
				BUNDLE_LOADER = "$(TEST_HOST)";
				CODE_SIGN_STYLE = Automatic;
				CURRENT_PROJECT_VERSION = 1;
				GENERATE_INFOPLIST_FILE = YES;
				IPHONEOS_DEPLOYMENT_TARGET = 16.2;
				MARKETING_VERSION = 1.0;
				PRODUCT_BUNDLE_IDENTIFIER = "EricZhu.Location-History-TrackerTests";
				PRODUCT_NAME = "$(TARGET_NAME)";
				SWIFT_EMIT_LOC_STRINGS = NO;
				SWIFT_VERSION = 5.0;
				TARGETED_DEVICE_FAMILY = "1,2";
				TEST_HOST = "$(BUILT_PRODUCTS_DIR)/Location History Tracker.app/$(BUNDLE_EXECUTABLE_FOLDER_PATH)/Location History Tracker";
			};
			name = Release;
		};
		9D9FABB9295F7DAF000AA1A2 /* Debug */ = {
			isa = XCBuildConfiguration;
			buildSettings = {
				ALWAYS_EMBED_SWIFT_STANDARD_LIBRARIES = YES;
				CODE_SIGN_STYLE = Automatic;
				CURRENT_PROJECT_VERSION = 1;
				GENERATE_INFOPLIST_FILE = YES;
				MARKETING_VERSION = 1.0;
				PRODUCT_BUNDLE_IDENTIFIER = "EricZhu.Location-History-TrackerUITests";
				PRODUCT_NAME = "$(TARGET_NAME)";
				SWIFT_EMIT_LOC_STRINGS = NO;
				SWIFT_VERSION = 5.0;
				TARGETED_DEVICE_FAMILY = "1,2";
				TEST_TARGET_NAME = "Location History Tracker";
			};
			name = Debug;
		};
		9D9FABBA295F7DAF000AA1A2 /* Release */ = {
			isa = XCBuildConfiguration;
			buildSettings = {
				ALWAYS_EMBED_SWIFT_STANDARD_LIBRARIES = YES;
				CODE_SIGN_STYLE = Automatic;
				CURRENT_PROJECT_VERSION = 1;
				GENERATE_INFOPLIST_FILE = YES;
				MARKETING_VERSION = 1.0;
				PRODUCT_BUNDLE_IDENTIFIER = "EricZhu.Location-History-TrackerUITests";
				PRODUCT_NAME = "$(TARGET_NAME)";
				SWIFT_EMIT_LOC_STRINGS = NO;
				SWIFT_VERSION = 5.0;
				TARGETED_DEVICE_FAMILY = "1,2";
				TEST_TARGET_NAME = "Location History Tracker";
			};
			name = Release;
		};
/* End XCBuildConfiguration section */

/* Begin XCConfigurationList section */
		9D9FAB89295F7DAC000AA1A2 /* Build configuration list for PBXProject "Location History Tracker" */ = {
			isa = XCConfigurationList;
			buildConfigurations = (
				9D9FABB0295F7DAF000AA1A2 /* Debug */,
				9D9FABB1295F7DAF000AA1A2 /* Release */,
			);
			defaultConfigurationIsVisible = 0;
			defaultConfigurationName = Release;
		};
		9D9FABB2295F7DAF000AA1A2 /* Build configuration list for PBXNativeTarget "Location History Tracker" */ = {
			isa = XCConfigurationList;
			buildConfigurations = (
				9D9FABB3295F7DAF000AA1A2 /* Debug */,
				9D9FABB4295F7DAF000AA1A2 /* Release */,
			);
			defaultConfigurationIsVisible = 0;
			defaultConfigurationName = Release;
		};
		9D9FABB5295F7DAF000AA1A2 /* Build configuration list for PBXNativeTarget "Location History TrackerTests" */ = {
			isa = XCConfigurationList;
			buildConfigurations = (
				9D9FABB6295F7DAF000AA1A2 /* Debug */,
				9D9FABB7295F7DAF000AA1A2 /* Release */,
			);
			defaultConfigurationIsVisible = 0;
			defaultConfigurationName = Release;
		};
		9D9FABB8295F7DAF000AA1A2 /* Build configuration list for PBXNativeTarget "Location History TrackerUITests" */ = {
			isa = XCConfigurationList;
			buildConfigurations = (
				9D9FABB9295F7DAF000AA1A2 /* Debug */,
				9D9FABBA295F7DAF000AA1A2 /* Release */,
			);
			defaultConfigurationIsVisible = 0;
			defaultConfigurationName = Release;
		};
/* End XCConfigurationList section */
	};
	rootObject = 9D9FAB86295F7DAC000AA1A2 /* Project object */;
}
